{
  "name": "vm1-pw-state-proof-repo",
  "lockfileVersion": 3,
  "requires": true,
  "packages": {
    "": {
      "devDependencies": {
        "@mergifyio/playwright": "0.3.7",
        "@playwright/test": "1.62.0"
      }
    },
    "node_modules/@mergifyio/ci-core": {
      "version": "0.3.7",
      "resolved": "https://registry.npmjs.org/@mergifyio/ci-core/-/ci-core-0.3.7.tgz",
      "integrity": "sha512-BzCq2nd1w7hD/BFqHBZjJR+Vl/KVmMhI2+O6a2QDkr/HDQnPnSbbfp5wmzjSCuJB5qraNF4tNxkpcGqgOqSiyQ==",
      "dev": true,
      "license": "Apache-2.0",
      "dependencies": {
        "@mergifyio/ci-native": "0.3.7"
      },
      "engines": {
        "node": ">=22.0.0"
      }
    },
    "node_modules/@mergifyio/ci-native": {
      "version": "0.3.7",
      "resolved": "https://registry.npmjs.org/@mergifyio/ci-native/-/ci-native-0.3.7.tgz",
      "integrity": "sha512-nUEUAOacedEiKwHvNzoKgcUXTAWxj+JUCsmNrc91oERS67BAr728Ajg4r+aM+vxseCTbPOPLQ91YvDcJBctjGw==",
      "dev": true,
      "license": "Apache-2.0",
      "engines": {
        "node": ">=22.0.0"
      },
      "optionalDependencies": {
        "@mergifyio/ci-native-darwin-arm64": "0.3.7",
        "@mergifyio/ci-native-darwin-x64": "0.3.7",
        "@mergifyio/ci-native-linux-arm64-gnu": "0.3.7",
        "@mergifyio/ci-native-linux-arm64-musl": "0.3.7",
        "@mergifyio/ci-native-linux-x64-gnu": "0.3.7",
        "@mergifyio/ci-native-linux-x64-musl": "0.3.7",
        "@mergifyio/ci-native-win32-x64-msvc": "0.3.7"
      }
    },
    "node_modules/@mergifyio/ci-native-darwin-arm64": {
      "version": "0.3.7",
      "resolved": "https://registry.npmjs.org/@mergifyio/ci-native-darwin-arm64/-/ci-native-darwin-arm64-0.3.7.tgz",
      "integrity": "sha512-q4bgKj42isii/D39ZO610nZFPIGETH5APGaMGqnUpRQX/AZUptLnDEkwkpKImvakgg3cA4CTy30TQD1aBeR+dg==",
      "cpu": [
        "arm64"
      ],
      "dev": true,
      "license": "Apache-2.0",
      "optional": true,
      "os": [
        "darwin"
      ],
      "engines": {
        "node": ">=22.0.0"
      }
    },
    "node_modules/@mergifyio/ci-native-darwin-x64": {
      "version": "0.3.7",
      "resolved": "https://registry.npmjs.org/@mergifyio/ci-native-darwin-x64/-/ci-native-darwin-x64-0.3.7.tgz",
      "integrity": "sha512-oOy9GFL4KUneHuki6UgBn/DQUT6o2fRHe7nAN7yfvxRT2fXvfUjtQOCJOixxwC1RSI3O+hspBQkdurJluN8qHg==",
      "cpu": [
        "x64"
      ],
      "dev": true,
      "license": "Apache-2.0",
      "optional": true,
      "os": [
        "darwin"
      ],
      "engines": {
        "node": ">=22.0.0"
      }
    },
    "node_modules/@mergifyio/ci-native-linux-arm64-gnu": {
      "version": "0.3.7",
      "resolved": "https://registry.npmjs.org/@mergifyio/ci-native-linux-arm64-gnu/-/ci-native-linux-arm64-gnu-0.3.7.tgz",
      "integrity": "sha512-BNROhqe7IfY/t/mABnmdVVQMwHBSaxEvLbp/isxkAey7SrRXvE23e9Ci2Px1NYoSRAw00r4c0IkDOFA40VqBoA==",
      "cpu": [
        "arm64"
      ],
      "dev": true,
      "license": "Apache-2.0",
      "optional": true,
      "os": [
        "linux"
      ],
      "engines": {
        "node": ">=22.0.0"
      }
    },
    "node_modules/@mergifyio/ci-native-linux-arm64-musl": {
      "version": "0.3.7",
      "resolved": "https://registry.npmjs.org/@mergifyio/ci-native-linux-arm64-musl/-/ci-native-linux-arm64-musl-0.3.7.tgz",
      "integrity": "sha512-7qeXB15bhOHjDTtF5se4CiUHPsK0JJBI5CN6l5C+1wvZLpPI2wb6B5vhq4ZQoQxS46RmY5DhAKNqVOjWsey77A==",
      "cpu": [
        "arm64"
      ],
      "dev": true,
      "license": "Apache-2.0",
      "optional": true,
      "os": [
        "linux"
      ],
      "engines": {
        "node": ">=22.0.0"
      }
    },
    "node_modules/@mergifyio/ci-native-linux-x64-gnu": {
      "version": "0.3.7",
      "resolved": "https://registry.npmjs.org/@mergifyio/ci-native-linux-x64-gnu/-/ci-native-linux-x64-gnu-0.3.7.tgz",
      "integrity": "sha512-AbDmHuYOjNfIp9mV478jCg83/PRhwvMz3kQ2Sm+VfOVzVyd6JAwXC4ujpHhfXcYdTDSlcB54YCk31GmkgEx/xg==",
      "cpu": [
        "x64"
      ],
      "dev": true,
      "license": "Apache-2.0",
      "optional": true,
      "os": [
        "linux"
      ],
      "engines": {
        "node": ">=22.0.0"
      }
    },
    "node_modules/@mergifyio/ci-native-linux-x64-musl": {
      "version": "0.3.7",
      "resolved": "https://registry.npmjs.org/@mergifyio/ci-native-linux-x64-musl/-/ci-native-linux-x64-musl-0.3.7.tgz",
      "integrity": "sha512-LmsFUU97S21tny1DJbEFQg9Qt6CZCwePNPgLaru/lqhBLdkMgIath9BgzC4I1s4WO2orUuWo0ZvkKowfzNCylA==",
      "cpu": [
        "x64"
      ],
      "dev": true,
      "license": "Apache-2.0",
      "optional": true,
      "os": [
        "linux"
      ],
      "engines": {
        "node": ">=22.0.0"
      }
    },
    "node_modules/@mergifyio/ci-native-win32-x64-msvc": {
      "version": "0.3.7",
      "resolved": "https://registry.npmjs.org/@mergifyio/ci-native-win32-x64-msvc/-/ci-native-win32-x64-msvc-0.3.7.tgz",
      "integrity": "sha512-IYiF5Sg71qDS1dQ5VZmi297eW5ZzDPNHhbb9zZHMPM7+QirIKNToXRYNUHT6lITieUABErO7o92IfKIcxRVF2g==",
      "cpu": [
        "x64"
      ],
      "dev": true,
      "license": "Apache-2.0",
      "optional": true,
      "os": [
        "win32"
      ],
      "engines": {
        "node": ">=22.0.0"
      }
    },
    "node_modules/@mergifyio/playwright": {
      "version": "0.3.7",
      "resolved": "https://registry.npmjs.org/@mergifyio/playwright/-/playwright-0.3.7.tgz",
      "integrity": "sha512-StdSPjHgbgQjjBZSk9cx2BJhMFOdLuA37oT5S+dG4c05FZHbtGAVyJj2FEC8VS+9jj+74cENLAOrve0nihTPbQ==",
      "dev": true,
      "license": "Apache-2.0",
      "dependencies": {
        "@mergifyio/ci-core": "0.3.7"
      },
      "engines": {
        "node": ">=22.0.0"
      },
      "peerDependencies": {
        "@playwright/test": ">=1.56.0"
      }
    },
    "node_modules/@playwright/test": {
      "version": "1.62.0",
      "resolved": "https://registry.npmjs.org/@playwright/test/-/test-1.62.0.tgz",
      "integrity": "sha512-9zOJ6ZQRAena31MpOH9VSzIz8Ou3YJ/wtY/eQm5T2uhfhG7/U3COrMS8xOtUrZrp9OgdmzEnIYODye3nY1VqzA==",
      "dev": true,
      "license": "Apache-2.0",
      "dependencies": {
        "playwright": "1.62.0"
      },
      "bin": {
        "playwright": "cli.js"
      },
      "engines": {
        "node": ">=20"
      }
    },
    "node_modules/fsevents": {
      "version": "2.3.2",
      "resolved": "https://registry.npmjs.org/fsevents/-/fsevents-2.3.2.tgz",
      "integrity": "sha512-xiqMQR4xAeHTuB9uWm+fFRcIOgKBMiOBP+eXiyT7jsgVCq1bkVygt00oASowB7EdtpOHaaPgKt812P9ab+DDKA==",
      "dev": true,
      "hasInstallScript": true,
      "license": "MIT",
      "optional": true,
      "os": [
        "darwin"
      ],
      "engines": {
        "node": "^8.16.0 || ^10.6.0 || >=11.0.0"
      }
    },
    "node_modules/playwright": {
      "version": "1.62.0",
      "resolved": "https://registry.npmjs.org/playwright/-/playwright-1.62.0.tgz",
      "integrity": "sha512-Z14dG305dgaLu6foB1TXQagFiW8JfSUIUaUuPaKQ6NtBPKF1P/qXcqfh6c6K/icPqdy37JmjbiBXf6JNg6Sylw==",
      "dev": true,
      "license": "Apache-2.0",
      "dependencies": {
        "playwright-core": "1.62.0"
      },
      "bin": {
        "playwright": "cli.js"
      },
      "engines": {
        "node": ">=20"
      },
      "optionalDependencies": {
        "fsevents": "2.3.2"
      }
    },
    "node_modules/playwright-core": {
      "version": "1.62.0",
      "resolved": "https://registry.npmjs.org/playwright-core/-/playwright-core-1.62.0.tgz",
      "integrity": "sha512-nsNRyq0r2zsG8AcRHWknc9QRA5XCueC7gWMrs+Gx2tlZn9hcl8zudfh00lhJPY1DE7NmZ6bDsT9g2yey8mXljA==",
      "dev": true,
      "license": "Apache-2.0",
      "bin": {
        "playwright-core": "cli.js"
      },
      "engines": {
        "node": ">=20"
      }
    }
  }
}
